
Microsoft Visual Studio Solution File, Format Version 12.00
# Visual Studio 2015
Project("{FAE04EC0-301F-11D3-BF4B-00C04F79EFBC}") = "05_2.5D.CSharp.Plugins", "05_2.5D.CSharp.Plugins.csproj", "{0D91F3C1-1FB4-4301-10B0-EBDEF7EE242C}"
EndProject
Project("{FAE04EC0-301F-11D3-BF4B-00C04F79EFBC}") = "05_2.5D.CSharp", "05_2.5D.CSharp.csproj", "{F6800141-11AD-BE23-9848-5C84BFA7D6F4}"
EndProject
Project("{FAE04EC0-301F-11D3-BF4B-00C04F79EFBC}") = "05_2.5D.CSharp.Editor", "05_2.5D.CSharp.Editor.csproj", "{0F4F2770-E7B0-321B-FFE5-73EF3886B6F8}"
EndProject
Global
	GlobalSection(SolutionConfigurationPlatforms) = preSolution
		Debug|Any CPU = Debug|Any CPU
		Release|Any CPU = Release|Any CPU
	EndGlobalSection
	GlobalSection(ProjectConfigurationPlatforms) = postSolution
		{0D91F3C1-1FB4-4301-10B0-EBDEF7EE242C}.Debug|Any CPU.ActiveCfg = Debug|Any CPU
		{0D91F3C1-1FB4-4301-10B0-EBDEF7EE242C}.Debug|Any CPU.Build.0 = Debug|Any CPU
		{0D91F3C1-1FB4-4301-10B0-EBDEF7EE242C}.Release|Any CPU.ActiveCfg = Release|Any CPU
		{0D91F3C1-1FB4-4301-10B0-EBDEF7EE242C}.Release|Any CPU.Build.0 = Release|Any CPU
		{F6800141-11AD-BE23-9848-5C84BFA7D6F4}.Debug|Any CPU.ActiveCfg = Debug|Any CPU
		{F6800141-11AD-BE23-9848-5C84BFA7D6F4}.Debug|Any CPU.Build.0 = Debug|Any CPU
		{F6800141-11AD-BE23-9848-5C84BFA7D6F4}.Release|Any CPU.ActiveCfg = Release|Any CPU
		{F6800141-11AD-BE23-9848-5C84BFA7D6F4}.Release|Any CPU.Build.0 = Release|Any CPU
		{0F4F2770-E7B0-321B-FFE5-73EF3886B6F8}.Debug|Any CPU.ActiveCfg = Debug|Any CPU
		{0F4F2770-E7B0-321B-FFE5-73EF3886B6F8}.Debug|Any CPU.Build.0 = Debug|Any CPU
		{0F4F2770-E7B0-321B-FFE5-73EF3886B6F8}.Release|Any CPU.ActiveCfg = Release|Any CPU
		{0F4F2770-E7B0-321B-FFE5-73EF3886B6F8}.Release|Any CPU.Build.0 = Release|Any CPU
	EndGlobalSection
	GlobalSection(SolutionProperties) = preSolution
		HideSolutionNode = FALSE
	EndGlobalSection
EndGlobal
